// !$*UTF8*$!
{
	archiveVersion = 1;
	classes = {
	};
	objectVersion = 46;
	objects = {

/* Begin PBXBuildFile section */
		91B0CF861D6AE17800D036CE /* main.m in Sources */ = {isa = PBXBuildFile; fileRef = 91B0CF851D6AE17800D036CE /* main.m */; };
		91B0CF891D6AE17800D036CE /* AppDelegate.m in Sources */ = {isa = PBXBuildFile; fileRef = 91B0CF881D6AE17800D036CE /* AppDelegate.m */; };
		91B0CF8C1D6AE17800D036CE /* ViewController.m in Sources */ = {isa = PBXBuildFile; fileRef = 91B0CF8B1D6AE17800D036CE /* ViewController.m */; };
		91B0CF8F1D6AE17800D036CE /* Main.storyboard in Resources */ = {isa = PBXBuildFile; fileRef = 91B0CF8D1D6AE17800D036CE /* Main.storyboard */; };
		91B0CF921D6AE17800D036CE /* Single_Table.xcdatamodeld in Sources */ = {isa = PBXBuildFile; fileRef = 91B0CF901D6AE17800D036CE /* Single_Table.xcdatamodeld */; };
		91B0CF941D6AE17800D036CE /* Assets.xcassets in Resources */ = {isa = PBXBuildFile; fileRef = 91B0CF931D6AE17800D036CE /* Assets.xcassets */; };
		91B0CF971D6AE17800D036CE /* LaunchScreen.storyboard in Resources */ = {isa = PBXBuildFile; fileRef = 91B0CF951D6AE17800D036CE /* LaunchScreen.storyboard */; };
		91BA310F1D6C63AB00FD4F18 /* Cells in Resources */ = {isa = PBXBuildFile; fileRef = 91BA310E1D6C63AB00FD4F18 /* Cells */; };
		91BA31151D6C6AF100FD4F18 /* NameAndColorCell.m in Sources */ = {isa = PBXBuildFile; fileRef = 91BA31141D6C6AF100FD4F18 /* NameAndColorCell.m */; };
/* End PBXBuildFile section */

/* Begin PBXFileReference section */
		91B0CF811D6AE17800D036CE /* Single Table.app */ = {isa = PBXFileReference; explicitFileType = wrapper.application; includeInIndex = 0; path = "Single Table.app"; sourceTree = BUILT_PRODUCTS_DIR; };
		91B0CF851D6AE17800D036CE /* main.m */ = {isa = PBXFileReference; lastKnownFileType = sourcecode.c.objc; path = main.m; sourceTree = "<group>"; };
		91B0CF871D6AE17800D036CE /* AppDelegate.h */ = {isa = PBXFileReference; lastKnownFileType = sourcecode.c.h; path = AppDelegate.h; sourceTree = "<group>"; };
		91B0CF881D6AE17800D036CE /* AppDelegate.m */ = {isa = PBXFileReference; lastKnownFileType = sourcecode.c.objc; path = AppDelegate.m; sourceTree = "<group>"; };
		91B0CF8A1D6AE17800D036CE /* ViewController.h */ = {isa = PBXFileReference; lastKnownFileType = sourcecode.c.h; path = ViewController.h; sourceTree = "<group>"; };
		91B0CF8B1D6AE17800D036CE /* ViewController.m */ = {isa = PBXFileReference; lastKnownFileType = sourcecode.c.objc; path = ViewController.m; sourceTree = "<group>"; };
		91B0CF8E1D6AE17800D036CE /* Base */ = {isa = PBXFileReference; lastKnownFileType = file.storyboard; name = Base; path = Base.lproj/Main.storyboard; sourceTree = "<group>"; };
		91B0CF911D6AE17800D036CE /* Single_Table.xcdatamodel */ = {isa = PBXFileReference; lastKnownFileType = wrapper.xcdatamodel; path = Single_Table.xcdatamodel; sourceTree = "<group>"; };
		91B0CF931D6AE17800D036CE /* Assets.xcassets */ = {isa = PBXFileReference; lastKnownFileType = folder.assetcatalog; path = Assets.xcassets; sourceTree = "<group>"; };
		91B0CF961D6AE17800D036CE /* Base */ = {isa = PBXFileReference; lastKnownFileType = file.storyboard; name = Base; path = Base.lproj/LaunchScreen.storyboard; sourceTree = "<group>"; };
		91B0CF981D6AE17800D036CE /* Info.plist */ = {isa = PBXFileReference; lastKnownFileType = text.plist.xml; path = Info.plist; sourceTree = "<group>"; };
		91BA310E1D6C63AB00FD4F18 /* Cells */ = {isa = PBXFileReference; lastKnownFileType = folder; path = Cells; sourceTree = "<group>"; };
		91BA31131D6C6AF100FD4F18 /* NameAndColorCell.h */ = {isa = PBXFileReference; fileEncoding = 4; lastKnownFileType = sourcecode.c.h; name = NameAndColorCell.h; path = Cells/NameAndColorCell.h; sourceTree = "<group>"; };
		91BA31141D6C6AF100FD4F18 /* NameAndColorCell.m */ = {isa = PBXFileReference; fileEncoding = 4; lastKnownFileType = sourcecode.c.objc; name = NameAndColorCell.m; path = Cells/NameAndColorCell.m; sourceTree = "<group>"; };
/* End PBXFileReference section */

/* Begin PBXFrameworksBuildPhase section */
		91B0CF7E1D6AE17800D036CE /* Frameworks */ = {
			isa = PBXFrameworksBuildPhase;
			buildActionMask = 2147483647;
			files = (
			);
			runOnlyForDeploymentPostprocessing = 0;
		};
/* End PBXFrameworksBuildPhase section */

/* Begin PBXGroup section */
		91B0CF781D6AE17800D036CE = {
			isa = PBXGroup;
			children = (
				91B0CF831D6AE17800D036CE /* Single Table */,
				91B0CF821D6AE17800D036CE /* Products */,
			);
			sourceTree = "<group>";
		};
		91B0CF821D6AE17800D036CE /* Products */ = {
			isa = PBXGroup;
			children = (
				91B0CF811D6AE17800D036CE /* Single Table.app */,
			);
			name = Products;
			sourceTree = "<group>";
		};
		91B0CF831D6AE17800D036CE /* Single Table */ = {
			isa = PBXGroup;
			children = (
				91BA310E1D6C63AB00FD4F18 /* Cells */,
				91B0CF871D6AE17800D036CE /* AppDelegate.h */,
				91B0CF881D6AE17800D036CE /* AppDelegate.m */,
				91B0CF8A1D6AE17800D036CE /* ViewController.h */,
				91B0CF8B1D6AE17800D036CE /* ViewController.m */,
				91B0CF8D1D6AE17800D036CE /* Main.storyboard */,
				91B0CF931D6AE17800D036CE /* Assets.xcassets */,
				91B0CF951D6AE17800D036CE /* LaunchScreen.storyboard */,
				91B0CF981D6AE17800D036CE /* Info.plist */,
				91B0CF901D6AE17800D036CE /* Single_Table.xcdatamodeld */,
				91B0CF841D6AE17800D036CE /* Supporting Files */,
				91BA31131D6C6AF100FD4F18 /* NameAndColorCell.h */,
				91BA31141D6C6AF100FD4F18 /* NameAndColorCell.m */,
			);
			path = "Single Table";
			sourceTree = "<group>";
		};
		91B0CF841D6AE17800D036CE /* Supporting Files */ = {
			isa = PBXGroup;
			children = (
				91B0CF851D6AE17800D036CE /* main.m */,
			);
			name = "Supporting Files";
			sourceTree = "<group>";
		};
/* End PBXGroup section */

/* Begin PBXNativeTarget section */
		91B0CF801D6AE17800D036CE /* Single Table */ = {
			isa = PBXNativeTarget;
			buildConfigurationList = 91B0CF9B1D6AE17800D036CE /* Build configuration list for PBXNativeTarget "Single Table" */;
			buildPhases = (
				91B0CF7D1D6AE17800D036CE /* Sources */,
				91B0CF7E1D6AE17800D036CE /* Frameworks */,
				91B0CF7F1D6AE17800D036CE /* Resources */,
			);
			buildRules = (
			);
			dependencies = (
			);
			name = "Single Table";
			productName = "Single Table";
			productReference = 91B0CF811D6AE17800D036CE /* Single Table.app */;
			productType = "com.apple.product-type.application";
		};
/* End PBXNativeTarget section */

/* Begin PBXProject section */
		91B0CF791D6AE17800D036CE /* Project object */ = {
			isa = PBXProject;
			attributes = {
				LastUpgradeCheck = 0730;
				ORGANIZATIONNAME = Apress;
				TargetAttributes = {
					91B0CF801D6AE17800D036CE = {
						CreatedOnToolsVersion = 7.3.1;
					};
				};
			};
			buildConfigurationList = 91B0CF7C1D6AE17800D036CE /* Build configuration list for PBXProject "Single Table" */;
			compatibilityVersion = "Xcode 3.2";
			developmentRegion = English;
			hasScannedForEncodings = 0;
			knownRegions = (
				en,
				Base,
			);
			mainGroup = 91B0CF781D6AE17800D036CE;
			productRefGroup = 91B0CF821D6AE17800D036CE /* Products */;
			projectDirPath = "";
			projectRoot = "";
			targets = (
				91B0CF801D6AE17800D036CE /* Single Table */,
			);
		};
/* End PBXProject section */

/* Begin PBXResourcesBuildPhase section */
		91B0CF7F1D6AE17800D036CE /* Resources */ = {
			isa = PBXResourcesBuildPhase;
			buildActionMask = 2147483647;
			files = (
				91BA310F1D6C63AB00FD4F18 /* Cells in Resources */,
				91B0CF971D6AE17800D036CE /* LaunchScreen.storyboard in Resources */,
				91B0CF941D6AE17800D036CE /* Assets.xcassets in Resources */,
				91B0CF8F1D6AE17800D036CE /* Main.storyboard in Resources */,
			);
			runOnlyForDeploymentPostprocessing = 0;
		};
/* End PBXResourcesBuildPhase section */

/* Begin PBXSourcesBuildPhase section */
		91B0CF7D1D6AE17800D036CE /* Sources */ = {
			isa = PBXSourcesBuildPhase;
			buildActionMask = 2147483647;
			files = (
				91B0CF8C1D6AE17800D036CE /* ViewController.m in Sources */,
				91B0CF891D6AE17800D036CE /* AppDelegate.m in Sources */,
				91B0CF921D6AE17800D036CE /* Single_Table.xcdatamodeld in Sources */,
				91BA31151D6C6AF100FD4F18 /* NameAndColorCell.m in Sources */,
				91B0CF861D6AE17800D036CE /* main.m in Sources */,
			);
			runOnlyForDeploymentPostprocessing = 0;
		};
/* End PBXSourcesBuildPhase section */

/* Begin PBXVariantGroup section */
		91B0CF8D1D6AE17800D036CE /* Main.storyboard */ = {
			isa = PBXVariantGroup;
			children = (
				91B0CF8E1D6AE17800D036CE /* Base */,
			);
			name = Main.storyboard;
			sourceTree = "<group>";
		};
		91B0CF951D6AE17800D036CE /* LaunchScreen.storyboard */ = {
			isa = PBXVariantGroup;
			children = (
				91B0CF961D6AE17800D036CE /* Base */,
			);
			name = LaunchScreen.storyboard;
			sourceTree = "<group>";
		};
/* End PBXVariantGroup section */

/* Begin XCBuildConfiguration section */
		91B0CF991D6AE17800D036CE /* Debug */ = {
			isa = XCBuildConfiguration;
			buildSettings = {
				ALWAYS_SEARCH_USER_PATHS = NO;
				CLANG_ANALYZER_NONNULL = YES;
				CLANG_CXX_LANGUAGE_STANDARD = "gnu++0x";
				CLANG_CXX_LIBRARY = "libc++";
				CLANG_ENABLE_MODULES = YES;
				CLANG_ENABLE_OBJC_ARC = YES;
				CLANG_WARN_BOOL_CONVERSION = YES;
				CLANG_WARN_CONSTANT_CONVERSION = YES;
				CLANG_WARN_DIRECT_OBJC_ISA_USAGE = YES_ERROR;
				CLANG_WARN_EMPTY_BODY = YES;
				CLANG_WARN_ENUM_CONVERSION = YES;
				CLANG_WARN_INT_CONVERSION = YES;
				CLANG_WARN_OBJC_ROOT_CLASS = YES_ERROR;
				CLANG_WARN_UNREACHABLE_CODE = YES;
				CLANG_WARN__DUPLICATE_METHOD_MATCH = YES;
				"CODE_SIGN_IDENTITY[sdk=iphoneos*]" = "iPhone Developer";
				COPY_PHASE_STRIP = NO;
				DEBUG_INFORMATION_FORMAT = dwarf;
				ENABLE_STRICT_OBJC_MSGSEND = YES;
				ENABLE_TESTABILITY = YES;
				GCC_C_LANGUAGE_STANDARD = gnu99;
				GCC_DYNAMIC_NO_PIC = NO;
				GCC_NO_COMMON_BLOCKS = YES;
				GCC_OPTIMIZATION_LEVEL = 0;
				GCC_PREPROCESSOR_DEFINITIONS = (
					"DEBUG=1",
					"$(inherited)",
				);
				GCC_WARN_64_TO_32_BIT_CONVERSION = YES;
				GCC_WARN_ABOUT_RETURN_TYPE = YES_ERROR;
				GCC_WARN_UNDECLARED_SELECTOR = YES;
				GCC_WARN_UNINITIALIZED_AUTOS = YES_AGGRESSIVE;
				GCC_WARN_UNUSED_FUNCTION = YES;
				GCC_WARN_UNUSED_VARIABLE = YES;
				IPHONEOS_DEPLOYMENT_TARGET = 9.3;
				MTL_ENABLE_DEBUG_INFO = YES;
				ONLY_ACTIVE_ARCH = YES;
				SDKROOT = iphoneos;
				TARGETED_DEVICE_FAMILY = "1,2";
			};
			name = Debug;
		};
		91B0CF9A1D6AE17800D036CE /* Release */ = {
			isa = XCBuildConfiguration;
			buildSettings = {
				ALWAYS_SEARCH_USER_PATHS = NO;
				CLANG_ANALYZER_NONNULL = YES;
				CLANG_CXX_LANGUAGE_STANDARD = "gnu++0x";
				CLANG_CXX_LIBRARY = "libc++";
				CLANG_ENABLE_MODULES = YES;
				CLANG_ENABLE_OBJC_ARC = YES;
				CLANG_WARN_BOOL_CONVERSION = YES;
				CLANG_WARN_CONSTANT_CONVERSION = YES;
				CLANG_WARN_DIRECT_OBJC_ISA_USAGE = YES_ERROR;
				CLANG_WARN_EMPTY_BODY = YES;
				CLANG_WARN_ENUM_CONVERSION = YES;
				CLANG_WARN_INT_CONVERSION = YES;
				CLANG_WARN_OBJC_ROOT_CLASS = YES_ERROR;
				CLANG_WARN_UNREACHABLE_CODE = YES;
				CLANG_WARN__DUPLICATE_METHOD_MATCH = YES;
				"CODE_SIGN_IDENTITY[sdk=iphoneos*]" = "iPhone Developer";
				COPY_PHASE_STRIP = NO;
				DEBUG_INFORMATION_FORMAT = "dwarf-with-dsym";
				ENABLE_NS_ASSERTIONS = NO;
				ENABLE_STRICT_OBJC_MSGSEND = YES;
				GCC_C_LANGUAGE_STANDARD = gnu99;
				GCC_NO_COMMON_BLOCKS = YES;
				GCC_WARN_64_TO_32_BIT_CONVERSION = YES;
				GCC_WARN_ABOUT_RETURN_TYPE = YES_ERROR;
				GCC_WARN_UNDECLARED_SELECTOR = YES;
				GCC_WARN_UNINITIALIZED_AUTOS = YES_AGGRESSIVE;
				GCC_WARN_UNUSED_FUNCTION = YES;
				GCC_WARN_UNUSED_VARIABLE = YES;
				IPHONEOS_DEPLOYMENT_TARGET = 9.3;
				MTL_ENABLE_DEBUG_INFO = NO;
				SDKROOT = iphoneos;
				TARGETED_DEVICE_FAMILY = "1,2";
				VALIDATE_PRODUCT = YES;
			};
			name = Release;
		};
		91B0CF9C1D6AE17800D036CE /* Debug */ = {
			isa = XCBuildConfiguration;
			buildSettings = {
				ASSETCATALOG_COMPILER_APPICON_NAME = AppIcon;
				INFOPLIST_FILE = "Single Table/Info.plist";
				LD_RUNPATH_SEARCH_PATHS = "$(inherited) @executable_path/Frameworks";
				PRODUCT_BUNDLE_IDENTIFIER = "com.apress.Single-Table";
				PRODUCT_NAME = "$(TARGET_NAME)";
			};
			name = Debug;
		};
		91B0CF9D1D6AE17800D036CE /* Release */ = {
			isa = XCBuildConfiguration;
			buildSettings = {
				ASSETCATALOG_COMPILER_APPICON_NAME = AppIcon;
				INFOPLIST_FILE = "Single Table/Info.plist";
				LD_RUNPATH_SEARCH_PATHS = "$(inherited) @executable_path/Frameworks";
				PRODUCT_BUNDLE_IDENTIFIER = "com.apress.Single-Table";
				PRODUCT_NAME = "$(TARGET_NAME)";
			};
			name = Release;
		};
/* End XCBuildConfiguration section */

/* Begin XCConfigurationList section */
		91B0CF7C1D6AE17800D036CE /* Build configuration list for PBXProject "Single Table" */ = {
			isa = XCConfigurationList;
			buildConfigurations = (
				91B0CF991D6AE17800D036CE /* Debug */,
				91B0CF9A1D6AE17800D036CE /* Release */,
			);
			defaultConfigurationIsVisible = 0;
			defaultConfigurationName = Release;
		};
		91B0CF9B1D6AE17800D036CE /* Build configuration list for PBXNativeTarget "Single Table" */ = {
			isa = XCConfigurationList;
			buildConfigurations = (
				91B0CF9C1D6AE17800D036CE /* Debug */,
				91B0CF9D1D6AE17800D036CE /* Release */,
			);
			defaultConfigurationIsVisible = 0;
			defaultConfigurationName = Release;
		};
/* End XCConfigurationList section */

/* Begin XCVersionGroup section */
		91B0CF901D6AE17800D036CE /* Single_Table.xcdatamodeld */ = {
			isa = XCVersionGroup;
			children = (
				91B0CF911D6AE17800D036CE /* Single_Table.xcdatamodel */,
			);
			currentVersion = 91B0CF911D6AE17800D036CE /* Single_Table.xcdatamodel */;
			path = Single_Table.xcdatamodeld;
			sourceTree = "<group>";
			versionGroupType = wrapper.xcdatamodel;
		};
/* End XCVersionGroup section */
	};
	rootObject = 91B0CF791D6AE17800D036CE /* Project object */;
}
